{
  "name": "shark-listing-helper",
  "version": "1.0.0",
  "lockfileVersion": 3,
  "requires": true,
  "packages": {
    "": {
      "name": "shark-listing-helper",
      "version": "1.0.0",
      "license": "MIT",
      "bin": {
        "shark": "cli/shark.mjs"
      },
      "engines": {
        "node": ">=20"
      }
    }
  }
}
